// !$*UTF8*$!
{
	archiveVersion = 1;
	classes = {
	};
	objectVersion = 56;
	objects = {

/* Begin PBXBuildFile section */
		9B80AD202A667F8D004781C1 /* TestGithubActionsApp.swift in Sources */ = {isa = PBXBuildFile; fileRef = 9B80AD1F2A667F8D004781C1 /* TestGithubActionsApp.swift */; };
		9B80AD222A667F8D004781C1 /* ContentView.swift in Sources */ = {isa = PBXBuildFile; fileRef = 9B80AD212A667F8D004781C1 /* ContentView.swift */; };
		9B80AD242A667F8D004781C1 /* Assets.xcassets in Resources */ = {isa = PBXBuildFile; fileRef = 9B80AD232A667F8D004781C1 /* Assets.xcassets */; };
		9B80AD282A667F8E004781C1 /* Preview Assets.xcassets in Resources */ = {isa = PBXBuildFile; fileRef = 9B80AD272A667F8E004781C1 /* Preview Assets.xcassets */; };
		9B80AD322A667F8E004781C1 /* TestGithubActionsTests.swift in Sources */ = {isa = PBXBuildFile; fileRef = 9B80AD312A667F8E004781C1 /* TestGithubActionsTests.swift */; };
		9B80AD3C2A667F8E004781C1 /* TestGithubActionsUITests.swift in Sources */ = {isa = PBXBuildFile; fileRef = 9B80AD3B2A667F8E004781C1 /* TestGithubActionsUITests.swift */; };
		9B80AD3E2A667F8E004781C1 /* TestGithubActionsUITestsLaunchTests.swift in Sources */ = {isa = PBXBuildFile; fileRef = 9B80AD3D2A667F8E004781C1 /* TestGithubActionsUITestsLaunchTests.swift */; };
/* End PBXBuildFile section */

/* Begin PBXContainerItemProxy section */
		9B80AD2E2A667F8E004781C1 /* PBXContainerItemProxy */ = {
			isa = PBXContainerItemProxy;
			containerPortal = 9B80AD142A667F8D004781C1 /* Project object */;
			proxyType = 1;
			remoteGlobalIDString = 9B80AD1B2A667F8D004781C1;
			remoteInfo = TestGithubActions;
		};
		9B80AD382A667F8E004781C1 /* PBXContainerItemProxy */ = {
			isa = PBXContainerItemProxy;
			containerPortal = 9B80AD142A667F8D004781C1 /* Project object */;
			proxyType = 1;
			remoteGlobalIDString = 9B80AD1B2A667F8D004781C1;
			remoteInfo = TestGithubActions;
		};
/* End PBXContainerItemProxy section */

/* Begin PBXFileReference section */
		9B80AD1C2A667F8D004781C1 /* TestGithubActions.app */ = {isa = PBXFileReference; explicitFileType = wrapper.application; includeInIndex = 0; path = TestGithubActions.app; sourceTree = BUILT_PRODUCTS_DIR; };
		9B80AD1F2A667F8D004781C1 /* TestGithubActionsApp.swift */ = {isa = PBXFileReference; lastKnownFileType = sourcecode.swift; path = TestGithubActionsApp.swift; sourceTree = "<group>"; };
		9B80AD212A667F8D004781C1 /* ContentView.swift */ = {isa = PBXFileReference; lastKnownFileType = sourcecode.swift; path = ContentView.swift; sourceTree = "<group>"; };
		9B80AD232A667F8D004781C1 /* Assets.xcassets */ = {isa = PBXFileReference; lastKnownFileType = folder.assetcatalog; path = Assets.xcassets; sourceTree = "<group>"; };
		9B80AD252A667F8E004781C1 /* TestGithubActions.entitlements */ = {isa = PBXFileReference; lastKnownFileType = text.plist.entitlements; path = TestGithubActions.entitlements; sourceTree = "<group>"; };
		9B80AD272A667F8E004781C1 /* Preview Assets.xcassets */ = {isa = PBXFileReference; lastKnownFileType = folder.assetcatalog; path = "Preview Assets.xcassets"; sourceTree = "<group>"; };
		9B80AD2D2A667F8E004781C1 /* TestGithubActionsTests.xctest */ = {isa = PBXFileReference; explicitFileType = wrapper.cfbundle; includeInIndex = 0; path = TestGithubActionsTests.xctest; sourceTree = BUILT_PRODUCTS_DIR; };
		9B80AD312A667F8E004781C1 /* TestGithubActionsTests.swift */ = {isa = PBXFileReference; lastKnownFileType = sourcecode.swift; path = TestGithubActionsTests.swift; sourceTree = "<group>"; };
		9B80AD372A667F8E004781C1 /* TestGithubActionsUITests.xctest */ = {isa = PBXFileReference; explicitFileType = wrapper.cfbundle; includeInIndex = 0; path = TestGithubActionsUITests.xctest; sourceTree = BUILT_PRODUCTS_DIR; };
		9B80AD3B2A667F8E004781C1 /* TestGithubActionsUITests.swift */ = {isa = PBXFileReference; lastKnownFileType = sourcecode.swift; path = TestGithubActionsUITests.swift; sourceTree = "<group>"; };
		9B80AD3D2A667F8E004781C1 /* TestGithubActionsUITestsLaunchTests.swift */ = {isa = PBXFileReference; lastKnownFileType = sourcecode.swift; path = TestGithubActionsUITestsLaunchTests.swift; sourceTree = "<group>"; };
/* End PBXFileReference section */

/* Begin PBXFrameworksBuildPhase section */
		9B80AD192A667F8D004781C1 /* Frameworks */ = {
			isa = PBXFrameworksBuildPhase;
			buildActionMask = 2147483647;
			files = (
			);
			runOnlyForDeploymentPostprocessing = 0;
		};
		9B80AD2A2A667F8E004781C1 /* Frameworks */ = {
			isa = PBXFrameworksBuildPhase;
			buildActionMask = 2147483647;
			files = (
			);
			runOnlyForDeploymentPostprocessing = 0;
		};
		9B80AD342A667F8E004781C1 /* Frameworks */ = {
			isa = PBXFrameworksBuildPhase;
			buildActionMask = 2147483647;
			files = (
			);
			runOnlyForDeploymentPostprocessing = 0;
		};
/* End PBXFrameworksBuildPhase section */

/* Begin PBXGroup section */
		9B80AD132A667F8D004781C1 = {
			isa = PBXGroup;
			children = (
				9B80AD1E2A667F8D004781C1 /* TestGithubActions */,
				9B80AD302A667F8E004781C1 /* TestGithubActionsTests */,
				9B80AD3A2A667F8E004781C1 /* TestGithubActionsUITests */,
				9B80AD1D2A667F8D004781C1 /* Products */,
			);
			sourceTree = "<group>";
		};
		9B80AD1D2A667F8D004781C1 /* Products */ = {
			isa = PBXGroup;
			children = (
				9B80AD1C2A667F8D004781C1 /* TestGithubActions.app */,
				9B80AD2D2A667F8E004781C1 /* TestGithubActionsTests.xctest */,
				9B80AD372A667F8E004781C1 /* TestGithubActionsUITests.xctest */,
			);
			name = Products;
			sourceTree = "<group>";
		};
		9B80AD1E2A667F8D004781C1 /* TestGithubActions */ = {
			isa = PBXGroup;
			children = (
				9B80AD1F2A667F8D004781C1 /* TestGithubActionsApp.swift */,
				9B80AD212A667F8D004781C1 /* ContentView.swift */,
				9B80AD232A667F8D004781C1 /* Assets.xcassets */,
				9B80AD252A667F8E004781C1 /* TestGithubActions.entitlements */,
				9B80AD262A667F8E004781C1 /* Preview Content */,
			);
			path = TestGithubActions;
			sourceTree = "<group>";
		};
		9B80AD262A667F8E004781C1 /* Preview Content */ = {
			isa = PBXGroup;
			children = (
				9B80AD272A667F8E004781C1 /* Preview Assets.xcassets */,
			);
			path = "Preview Content";
			sourceTree = "<group>";
		};
		9B80AD302A667F8E004781C1 /* TestGithubActionsTests */ = {
			isa = PBXGroup;
			children = (
				9B80AD312A667F8E004781C1 /* TestGithubActionsTests.swift */,
			);
			path = TestGithubActionsTests;
			sourceTree = "<group>";
		};
		9B80AD3A2A667F8E004781C1 /* TestGithubActionsUITests */ = {
			isa = PBXGroup;
			children = (
				9B80AD3B2A667F8E004781C1 /* TestGithubActionsUITests.swift */,
				9B80AD3D2A667F8E004781C1 /* TestGithubActionsUITestsLaunchTests.swift */,
			);
			path = TestGithubActionsUITests;
			sourceTree = "<group>";
		};
/* End PBXGroup section */

/* Begin PBXNativeTarget section */
		9B80AD1B2A667F8D004781C1 /* TestGithubActions */ = {
			isa = PBXNativeTarget;
			buildConfigurationList = 9B80AD412A667F8E004781C1 /* Build configuration list for PBXNativeTarget "TestGithubActions" */;
			buildPhases = (
				9B80AD182A667F8D004781C1 /* Sources */,
				9B80AD192A667F8D004781C1 /* Frameworks */,
				9B80AD1A2A667F8D004781C1 /* Resources */,
			);
			buildRules = (
			);
			dependencies = (
			);
			name = TestGithubActions;
			productName = TestGithubActions;
			productReference = 9B80AD1C2A667F8D004781C1 /* TestGithubActions.app */;
			productType = "com.apple.product-type.application";
		};
		9B80AD2C2A667F8E004781C1 /* TestGithubActionsTests */ = {
			isa = PBXNativeTarget;
			buildConfigurationList = 9B80AD442A667F8E004781C1 /* Build configuration list for PBXNativeTarget "TestGithubActionsTests" */;
			buildPhases = (
				9B80AD292A667F8E004781C1 /* Sources */,
				9B80AD2A2A667F8E004781C1 /* Frameworks */,
				9B80AD2B2A667F8E004781C1 /* Resources */,
			);
			buildRules = (
			);
			dependencies = (
				9B80AD2F2A667F8E004781C1 /* PBXTargetDependency */,
			);
			name = TestGithubActionsTests;
			productName = TestGithubActionsTests;
			productReference = 9B80AD2D2A667F8E004781C1 /* TestGithubActionsTests.xctest */;
			productType = "com.apple.product-type.bundle.unit-test";
		};
		9B80AD362A667F8E004781C1 /* TestGithubActionsUITests */ = {
			isa = PBXNativeTarget;
			buildConfigurationList = 9B80AD472A667F8E004781C1 /* Build configuration list for PBXNativeTarget "TestGithubActionsUITests" */;
			buildPhases = (
				9B80AD332A667F8E004781C1 /* Sources */,
				9B80AD342A667F8E004781C1 /* Frameworks */,
				9B80AD352A667F8E004781C1 /* Resources */,
			);
			buildRules = (
			);
			dependencies = (
				9B80AD392A667F8E004781C1 /* PBXTargetDependency */,
			);
			name = TestGithubActionsUITests;
			productName = TestGithubActionsUITests;
			productReference = 9B80AD372A667F8E004781C1 /* TestGithubActionsUITests.xctest */;
			productType = "com.apple.product-type.bundle.ui-testing";
		};
/* End PBXNativeTarget section */

/* Begin PBXProject section */
		9B80AD142A667F8D004781C1 /* Project object */ = {
			isa = PBXProject;
			attributes = {
				BuildIndependentTargetsInParallel = 1;
				LastSwiftUpdateCheck = 1430;
				LastUpgradeCheck = 1430;
				TargetAttributes = {
					9B80AD1B2A667F8D004781C1 = {
						CreatedOnToolsVersion = 14.3;
					};
					9B80AD2C2A667F8E004781C1 = {
						CreatedOnToolsVersion = 14.3;
						TestTargetID = 9B80AD1B2A667F8D004781C1;
					};
					9B80AD362A667F8E004781C1 = {
						CreatedOnToolsVersion = 14.3;
						TestTargetID = 9B80AD1B2A667F8D004781C1;
					};
				};
			};
			buildConfigurationList = 9B80AD172A667F8D004781C1 /* Build configuration list for PBXProject "TestGithubActions" */;
			compatibilityVersion = "Xcode 14.0";
			developmentRegion = en;
			hasScannedForEncodings = 0;
			knownRegions = (
				en,
				Base,
			);
			mainGroup = 9B80AD132A667F8D004781C1;
			productRefGroup = 9B80AD1D2A667F8D004781C1 /* Products */;
			projectDirPath = "";
			projectRoot = "";
			targets = (
				9B80AD1B2A667F8D004781C1 /* TestGithubActions */,
				9B80AD2C2A667F8E004781C1 /* TestGithubActionsTests */,
				9B80AD362A667F8E004781C1 /* TestGithubActionsUITests */,
			);
		};
/* End PBXProject section */

/* Begin PBXResourcesBuildPhase section */
		9B80AD1A2A667F8D004781C1 /* Resources */ = {
			isa = PBXResourcesBuildPhase;
			buildActionMask = 2147483647;
			files = (
				9B80AD282A667F8E004781C1 /* Preview Assets.xcassets in Resources */,
				9B80AD242A667F8D004781C1 /* Assets.xcassets in Resources */,
			);
			runOnlyForDeploymentPostprocessing = 0;
		};
		9B80AD2B2A667F8E004781C1 /* Resources */ = {
			isa = PBXResourcesBuildPhase;
			buildActionMask = 2147483647;
			files = (
			);
			runOnlyForDeploymentPostprocessing = 0;
		};
		9B80AD352A667F8E004781C1 /* Resources */ = {
			isa = PBXResourcesBuildPhase;
			buildActionMask = 2147483647;
			files = (
			);
			runOnlyForDeploymentPostprocessing = 0;
		};
/* End PBXResourcesBuildPhase section */

/* Begin PBXSourcesBuildPhase section */
		9B80AD182A667F8D004781C1 /* Sources */ = {
			isa = PBXSourcesBuildPhase;
			buildActionMask = 2147483647;
			files = (
				9B80AD222A667F8D004781C1 /* ContentView.swift in Sources */,
				9B80AD202A667F8D004781C1 /* TestGithubActionsApp.swift in Sources */,
			);
			runOnlyForDeploymentPostprocessing = 0;
		};
		9B80AD292A667F8E004781C1 /* Sources */ = {
			isa = PBXSourcesBuildPhase;
			buildActionMask = 2147483647;
			files = (
				9B80AD322A667F8E004781C1 /* TestGithubActionsTests.swift in Sources */,
			);
			runOnlyForDeploymentPostprocessing = 0;
		};
		9B80AD332A667F8E004781C1 /* Sources */ = {
			isa = PBXSourcesBuildPhase;
			buildActionMask = 2147483647;
			files = (
				9B80AD3C2A667F8E004781C1 /* TestGithubActionsUITests.swift in Sources */,
				9B80AD3E2A667F8E004781C1 /* TestGithubActionsUITestsLaunchTests.swift in Sources */,
			);
			runOnlyForDeploymentPostprocessing = 0;
		};
/* End PBXSourcesBuildPhase section */

/* Begin PBXTargetDependency section */
		9B80AD2F2A667F8E004781C1 /* PBXTargetDependency */ = {
			isa = PBXTargetDependency;
			target = 9B80AD1B2A667F8D004781C1 /* TestGithubActions */;
			targetProxy = 9B80AD2E2A667F8E004781C1 /* PBXContainerItemProxy */;
		};
		9B80AD392A667F8E004781C1 /* PBXTargetDependency */ = {
			isa = PBXTargetDependency;
			target = 9B80AD1B2A667F8D004781C1 /* TestGithubActions */;
			targetProxy = 9B80AD382A667F8E004781C1 /* PBXContainerItemProxy */;
		};
/* End PBXTargetDependency section */

/* Begin XCBuildConfiguration section */
		9B80AD3F2A667F8E004781C1 /* Debug */ = {
			isa = XCBuildConfiguration;
			buildSettings = {
				ALWAYS_SEARCH_USER_PATHS = NO;
				CLANG_ANALYZER_NONNULL = YES;
				CLANG_ANALYZER_NUMBER_OBJECT_CONVERSION = YES_AGGRESSIVE;
				CLANG_CXX_LANGUAGE_STANDARD = "gnu++20";
				CLANG_ENABLE_MODULES = YES;
				CLANG_ENABLE_OBJC_ARC = YES;
				CLANG_ENABLE_OBJC_WEAK = YES;
				CLANG_WARN_BLOCK_CAPTURE_AUTORELEASING = YES;
				CLANG_WARN_BOOL_CONVERSION = YES;
				CLANG_WARN_COMMA = YES;
				CLANG_WARN_CONSTANT_CONVERSION = YES;
				CLANG_WARN_DEPRECATED_OBJC_IMPLEMENTATIONS = YES;
				CLANG_WARN_DIRECT_OBJC_ISA_USAGE = YES_ERROR;
				CLANG_WARN_DOCUMENTATION_COMMENTS = YES;
				CLANG_WARN_EMPTY_BODY = YES;
				CLANG_WARN_ENUM_CONVERSION = YES;
				CLANG_WARN_INFINITE_RECURSION = YES;
				CLANG_WARN_INT_CONVERSION = YES;
				CLANG_WARN_NON_LITERAL_NULL_CONVERSION = YES;
				CLANG_WARN_OBJC_IMPLICIT_RETAIN_SELF = YES;
				CLANG_WARN_OBJC_LITERAL_CONVERSION = YES;
				CLANG_WARN_OBJC_ROOT_CLASS = YES_ERROR;
				CLANG_WARN_QUOTED_INCLUDE_IN_FRAMEWORK_HEADER = YES;
				CLANG_WARN_RANGE_LOOP_ANALYSIS = YES;
				CLANG_WARN_STRICT_PROTOTYPES = YES;
				CLANG_WARN_SUSPICIOUS_MOVE = YES;
				CLANG_WARN_UNGUARDED_AVAILABILITY = YES_AGGRESSIVE;
				CLANG_WARN_UNREACHABLE_CODE = YES;
				CLANG_WARN__DUPLICATE_METHOD_MATCH = YES;
				COPY_PHASE_STRIP = NO;
				DEBUG_INFORMATION_FORMAT = dwarf;
				ENABLE_STRICT_OBJC_MSGSEND = YES;
				ENABLE_TESTABILITY = YES;
				GCC_C_LANGUAGE_STANDARD = gnu11;
				GCC_DYNAMIC_NO_PIC = NO;
				GCC_NO_COMMON_BLOCKS = YES;
				GCC_OPTIMIZATION_LEVEL = 0;
				GCC_PREPROCESSOR_DEFINITIONS = (
					"DEBUG=1",
					"$(inherited)",
				);
				GCC_WARN_64_TO_32_BIT_CONVERSION = YES;
				GCC_WARN_ABOUT_RETURN_TYPE = YES_ERROR;
				GCC_WARN_UNDECLARED_SELECTOR = YES;
				GCC_WARN_UNINITIALIZED_AUTOS = YES_AGGRESSIVE;
				GCC_WARN_UNUSED_FUNCTION = YES;
				GCC_WARN_UNUSED_VARIABLE = YES;
				MTL_ENABLE_DEBUG_INFO = INCLUDE_SOURCE;
				MTL_FAST_MATH = YES;
				ONLY_ACTIVE_ARCH = YES;
				SWIFT_ACTIVE_COMPILATION_CONDITIONS = DEBUG;
				SWIFT_OPTIMIZATION_LEVEL = "-Onone";
			};
			name = Debug;
		};
		9B80AD402A667F8E004781C1 /* Release */ = {
			isa = XCBuildConfiguration;
			buildSettings = {
				ALWAYS_SEARCH_USER_PATHS = NO;
				CLANG_ANALYZER_NONNULL = YES;
				CLANG_ANALYZER_NUMBER_OBJECT_CONVERSION = YES_AGGRESSIVE;
				CLANG_CXX_LANGUAGE_STANDARD = "gnu++20";
				CLANG_ENABLE_MODULES = YES;
				CLANG_ENABLE_OBJC_ARC = YES;
				CLANG_ENABLE_OBJC_WEAK = YES;
				CLANG_WARN_BLOCK_CAPTURE_AUTORELEASING = YES;
				CLANG_WARN_BOOL_CONVERSION = YES;
				CLANG_WARN_COMMA = YES;
				CLANG_WARN_CONSTANT_CONVERSION = YES;
				CLANG_WARN_DEPRECATED_OBJC_IMPLEMENTATIONS = YES;
				CLANG_WARN_DIRECT_OBJC_ISA_USAGE = YES_ERROR;
				CLANG_WARN_DOCUMENTATION_COMMENTS = YES;
				CLANG_WARN_EMPTY_BODY = YES;
				CLANG_WARN_ENUM_CONVERSION = YES;
				CLANG_WARN_INFINITE_RECURSION = YES;
				CLANG_WARN_INT_CONVERSION = YES;
				CLANG_WARN_NON_LITERAL_NULL_CONVERSION = YES;
				CLANG_WARN_OBJC_IMPLICIT_RETAIN_SELF = YES;
				CLANG_WARN_OBJC_LITERAL_CONVERSION = YES;
				CLANG_WARN_OBJC_ROOT_CLASS = YES_ERROR;
				CLANG_WARN_QUOTED_INCLUDE_IN_FRAMEWORK_HEADER = YES;
				CLANG_WARN_RANGE_LOOP_ANALYSIS = YES;
				CLANG_WARN_STRICT_PROTOTYPES = YES;
				CLANG_WARN_SUSPICIOUS_MOVE = YES;
				CLANG_WARN_UNGUARDED_AVAILABILITY = YES_AGGRESSIVE;
				CLANG_WARN_UNREACHABLE_CODE = YES;
				CLANG_WARN__DUPLICATE_METHOD_MATCH = YES;
				COPY_PHASE_STRIP = NO;
				DEBUG_INFORMATION_FORMAT = "dwarf-with-dsym";
				ENABLE_NS_ASSERTIONS = NO;
				ENABLE_STRICT_OBJC_MSGSEND = YES;
				GCC_C_LANGUAGE_STANDARD = gnu11;
				GCC_NO_COMMON_BLOCKS = YES;
				GCC_WARN_64_TO_32_BIT_CONVERSION = YES;
				GCC_WARN_ABOUT_RETURN_TYPE = YES_ERROR;
				GCC_WARN_UNDECLARED_SELECTOR = YES;
				GCC_WARN_UNINITIALIZED_AUTOS = YES_AGGRESSIVE;
				GCC_WARN_UNUSED_FUNCTION = YES;
				GCC_WARN_UNUSED_VARIABLE = YES;
				MTL_ENABLE_DEBUG_INFO = NO;
				MTL_FAST_MATH = YES;
				SWIFT_COMPILATION_MODE = wholemodule;
				SWIFT_OPTIMIZATION_LEVEL = "-O";
			};
			name = Release;
		};
		9B80AD422A667F8E004781C1 /* Debug */ = {
			isa = XCBuildConfiguration;
			buildSettings = {
				ASSETCATALOG_COMPILER_APPICON_NAME = AppIcon;
				ASSETCATALOG_COMPILER_GLOBAL_ACCENT_COLOR_NAME = AccentColor;
				CODE_SIGN_ENTITLEMENTS = TestGithubActions/TestGithubActions.entitlements;
				CODE_SIGN_STYLE = Automatic;
				CURRENT_PROJECT_VERSION = 2;
				DEVELOPMENT_ASSET_PATHS = "\"TestGithubActions/Preview Content\"";
				ENABLE_PREVIEWS = YES;
				GENERATE_INFOPLIST_FILE = YES;
				"INFOPLIST_KEY_UIApplicationSceneManifest_Generation[sdk=iphoneos*]" = YES;
				"INFOPLIST_KEY_UIApplicationSceneManifest_Generation[sdk=iphonesimulator*]" = YES;
				"INFOPLIST_KEY_UIApplicationSupportsIndirectInputEvents[sdk=iphoneos*]" = YES;
				"INFOPLIST_KEY_UIApplicationSupportsIndirectInputEvents[sdk=iphonesimulator*]" = YES;
				"INFOPLIST_KEY_UILaunchScreen_Generation[sdk=iphoneos*]" = YES;
				"INFOPLIST_KEY_UILaunchScreen_Generation[sdk=iphonesimulator*]" = YES;
				"INFOPLIST_KEY_UIStatusBarStyle[sdk=iphoneos*]" = UIStatusBarStyleDefault;
				"INFOPLIST_KEY_UIStatusBarStyle[sdk=iphonesimulator*]" = UIStatusBarStyleDefault;
				INFOPLIST_KEY_UISupportedInterfaceOrientations_iPad = "UIInterfaceOrientationPortrait UIInterfaceOrientationPortraitUpsideDown UIInterfaceOrientationLandscapeLeft UIInterfaceOrientationLandscapeRight";
				INFOPLIST_KEY_UISupportedInterfaceOrientations_iPhone = "UIInterfaceOrientationPortrait UIInterfaceOrientationLandscapeLeft UIInterfaceOrientationLandscapeRight";
				IPHONEOS_DEPLOYMENT_TARGET = 16.4;
				LD_RUNPATH_SEARCH_PATHS = "@executable_path/Frameworks";
				"LD_RUNPATH_SEARCH_PATHS[sdk=macosx*]" = "@executable_path/../Frameworks";
				MACOSX_DEPLOYMENT_TARGET = 13.3;
				MARKETING_VERSION = 0.0.1;
				PRODUCT_BUNDLE_IDENTIFIER = "jp.ne.dip-net.ma-tomita.TestGithubActions";
				PRODUCT_NAME = "$(TARGET_NAME)";
				SDKROOT = auto;
				SUPPORTED_PLATFORMS = "iphoneos iphonesimulator macosx";
				SWIFT_EMIT_LOC_STRINGS = YES;
				SWIFT_VERSION = 5.0;
				TARGETED_DEVICE_FAMILY = "1,2";
			};
			name = Debug;
		};
		9B80AD432A667F8E004781C1 /* Release */ = {
			isa = XCBuildConfiguration;
			buildSettings = {
				ASSETCATALOG_COMPILER_APPICON_NAME = AppIcon;
				ASSETCATALOG_COMPILER_GLOBAL_ACCENT_COLOR_NAME = AccentColor;
				CODE_SIGN_ENTITLEMENTS = TestGithubActions/TestGithubActions.entitlements;
				CODE_SIGN_STYLE = Automatic;
				CURRENT_PROJECT_VERSION = 2;
				DEVELOPMENT_ASSET_PATHS = "\"TestGithubActions/Preview Content\"";
				ENABLE_PREVIEWS = YES;
				GENERATE_INFOPLIST_FILE = YES;
				"INFOPLIST_KEY_UIApplicationSceneManifest_Generation[sdk=iphoneos*]" = YES;
				"INFOPLIST_KEY_UIApplicationSceneManifest_Generation[sdk=iphonesimulator*]" = YES;
				"INFOPLIST_KEY_UIApplicationSupportsIndirectInputEvents[sdk=iphoneos*]" = YES;
				"INFOPLIST_KEY_UIApplicationSupportsIndirectInputEvents[sdk=iphonesimulator*]" = YES;
				"INFOPLIST_KEY_UILaunchScreen_Generation[sdk=iphoneos*]" = YES;
				"INFOPLIST_KEY_UILaunchScreen_Generation[sdk=iphonesimulator*]" = YES;
				"INFOPLIST_KEY_UIStatusBarStyle[sdk=iphoneos*]" = UIStatusBarStyleDefault;
				"INFOPLIST_KEY_UIStatusBarStyle[sdk=iphonesimulator*]" = UIStatusBarStyleDefault;
				INFOPLIST_KEY_UISupportedInterfaceOrientations_iPad = "UIInterfaceOrientationPortrait UIInterfaceOrientationPortraitUpsideDown UIInterfaceOrientationLandscapeLeft UIInterfaceOrientationLandscapeRight";
				INFOPLIST_KEY_UISupportedInterfaceOrientations_iPhone = "UIInterfaceOrientationPortrait UIInterfaceOrientationLandscapeLeft UIInterfaceOrientationLandscapeRight";
				IPHONEOS_DEPLOYMENT_TARGET = 16.4;
				LD_RUNPATH_SEARCH_PATHS = "@executable_path/Frameworks";
				"LD_RUNPATH_SEARCH_PATHS[sdk=macosx*]" = "@executable_path/../Frameworks";
				MACOSX_DEPLOYMENT_TARGET = 13.3;
				MARKETING_VERSION = 0.0.1;
				PRODUCT_BUNDLE_IDENTIFIER = "jp.ne.dip-net.ma-tomita.TestGithubActions";
				PRODUCT_NAME = "$(TARGET_NAME)";
				SDKROOT = auto;
				SUPPORTED_PLATFORMS = "iphoneos iphonesimulator macosx";
				SWIFT_EMIT_LOC_STRINGS = YES;
				SWIFT_VERSION = 5.0;
				TARGETED_DEVICE_FAMILY = "1,2";
			};
			name = Release;
		};
		9B80AD452A667F8E004781C1 /* Debug */ = {
			isa = XCBuildConfiguration;
			buildSettings = {
				ALWAYS_EMBED_SWIFT_STANDARD_LIBRARIES = YES;
				BUNDLE_LOADER = "$(TEST_HOST)";
				CODE_SIGN_STYLE = Automatic;
				CURRENT_PROJECT_VERSION = 1;
				GENERATE_INFOPLIST_FILE = YES;
				IPHONEOS_DEPLOYMENT_TARGET = 16.4;
				MACOSX_DEPLOYMENT_TARGET = 13.3;
				MARKETING_VERSION = 1.0;
				PRODUCT_BUNDLE_IDENTIFIER = "jp.ne.dip-net.ma-tomita.TestGithubActionsTests";
				PRODUCT_NAME = "$(TARGET_NAME)";
				SDKROOT = auto;
				SUPPORTED_PLATFORMS = "iphoneos iphonesimulator macosx";
				SWIFT_EMIT_LOC_STRINGS = NO;
				SWIFT_VERSION = 5.0;
				TARGETED_DEVICE_FAMILY = "1,2";
				TEST_HOST = "$(BUILT_PRODUCTS_DIR)/TestGithubActions.app/$(BUNDLE_EXECUTABLE_FOLDER_PATH)/TestGithubActions";
			};
			name = Debug;
		};
		9B80AD462A667F8E004781C1 /* Release */ = {
			isa = XCBuildConfiguration;
			buildSettings = {
				ALWAYS_EMBED_SWIFT_STANDARD_LIBRARIES = YES;
				BUNDLE_LOADER = "$(TEST_HOST)";
				CODE_SIGN_STYLE = Automatic;
				CURRENT_PROJECT_VERSION = 1;
				GENERATE_INFOPLIST_FILE = YES;
				IPHONEOS_DEPLOYMENT_TARGET = 16.4;
				MACOSX_DEPLOYMENT_TARGET = 13.3;
				MARKETING_VERSION = 1.0;
				PRODUCT_BUNDLE_IDENTIFIER = "jp.ne.dip-net.ma-tomita.TestGithubActionsTests";
				PRODUCT_NAME = "$(TARGET_NAME)";
				SDKROOT = auto;
				SUPPORTED_PLATFORMS = "iphoneos iphonesimulator macosx";
				SWIFT_EMIT_LOC_STRINGS = NO;
				SWIFT_VERSION = 5.0;
				TARGETED_DEVICE_FAMILY = "1,2";
				TEST_HOST = "$(BUILT_PRODUCTS_DIR)/TestGithubActions.app/$(BUNDLE_EXECUTABLE_FOLDER_PATH)/TestGithubActions";
			};
			name = Release;
		};
		9B80AD482A667F8E004781C1 /* Debug */ = {
			isa = XCBuildConfiguration;
			buildSettings = {
				ALWAYS_EMBED_SWIFT_STANDARD_LIBRARIES = YES;
				CODE_SIGN_STYLE = Automatic;
				CURRENT_PROJECT_VERSION = 1;
				GENERATE_INFOPLIST_FILE = YES;
				IPHONEOS_DEPLOYMENT_TARGET = 16.4;
				MACOSX_DEPLOYMENT_TARGET = 13.3;
				MARKETING_VERSION = 1.0;
				PRODUCT_BUNDLE_IDENTIFIER = "jp.ne.dip-net.ma-tomita.TestGithubActionsUITests";
				PRODUCT_NAME = "$(TARGET_NAME)";
				SDKROOT = auto;
				SUPPORTED_PLATFORMS = "iphoneos iphonesimulator macosx";
				SWIFT_EMIT_LOC_STRINGS = NO;
				SWIFT_VERSION = 5.0;
				TARGETED_DEVICE_FAMILY = "1,2";
				TEST_TARGET_NAME = TestGithubActions;
			};
			name = Debug;
		};
		9B80AD492A667F8E004781C1 /* Release */ = {
			isa = XCBuildConfiguration;
			buildSettings = {
				ALWAYS_EMBED_SWIFT_STANDARD_LIBRARIES = YES;
				CODE_SIGN_STYLE = Automatic;
				CURRENT_PROJECT_VERSION = 1;
				GENERATE_INFOPLIST_FILE = YES;
				IPHONEOS_DEPLOYMENT_TARGET = 16.4;
				MACOSX_DEPLOYMENT_TARGET = 13.3;
				MARKETING_VERSION = 1.0;
				PRODUCT_BUNDLE_IDENTIFIER = "jp.ne.dip-net.ma-tomita.TestGithubActionsUITests";
				PRODUCT_NAME = "$(TARGET_NAME)";
				SDKROOT = auto;
				SUPPORTED_PLATFORMS = "iphoneos iphonesimulator macosx";
				SWIFT_EMIT_LOC_STRINGS = NO;
				SWIFT_VERSION = 5.0;
				TARGETED_DEVICE_FAMILY = "1,2";
				TEST_TARGET_NAME = TestGithubActions;
			};
			name = Release;
		};
/* End XCBuildConfiguration section */

/* Begin XCConfigurationList section */
		9B80AD172A667F8D004781C1 /* Build configuration list for PBXProject "TestGithubActions" */ = {
			isa = XCConfigurationList;
			buildConfigurations = (
				9B80AD3F2A667F8E004781C1 /* Debug */,
				9B80AD402A667F8E004781C1 /* Release */,
			);
			defaultConfigurationIsVisible = 0;
			defaultConfigurationName = Release;
		};
		9B80AD412A667F8E004781C1 /* Build configuration list for PBXNativeTarget "TestGithubActions" */ = {
			isa = XCConfigurationList;
			buildConfigurations = (
				9B80AD422A667F8E004781C1 /* Debug */,
				9B80AD432A667F8E004781C1 /* Release */,
			);
			defaultConfigurationIsVisible = 0;
			defaultConfigurationName = Release;
		};
		9B80AD442A667F8E004781C1 /* Build configuration list for PBXNativeTarget "TestGithubActionsTests" */ = {
			isa = XCConfigurationList;
			buildConfigurations = (
				9B80AD452A667F8E004781C1 /* Debug */,
				9B80AD462A667F8E004781C1 /* Release */,
			);
			defaultConfigurationIsVisible = 0;
			defaultConfigurationName = Release;
		};
		9B80AD472A667F8E004781C1 /* Build configuration list for PBXNativeTarget "TestGithubActionsUITests" */ = {
			isa = XCConfigurationList;
			buildConfigurations = (
				9B80AD482A667F8E004781C1 /* Debug */,
				9B80AD492A667F8E004781C1 /* Release */,
			);
			defaultConfigurationIsVisible = 0;
			defaultConfigurationName = Release;
		};
/* End XCConfigurationList section */
	};
	rootObject = 9B80AD142A667F8D004781C1 /* Project object */;
}
